
Microsoft Visual Studio Solution File, Format Version 12.00
# Visual Studio 14
VisualStudioVersion = 14.0.22823.1
MinimumVisualStudioVersion = 10.0.40219.1
Project("{FAE04EC0-301F-11D3-BF4B-00C04F79EFBC}") = "Hangman_test", "Hangman_test\Hangman_test.csproj", "{211A2C04-4931-4D47-9D9A-2099AEF2ACA1}"
EndProject
Project("{2150E333-8FDC-42A3-9474-1A3956D46DE8}") = "PublishScripts", "PublishScripts", "{ED258732-AEEF-4231-ABA1-223988A41D43}"
	ProjectSection(SolutionItems) = preProject
		PublishScripts\AzureWebsitePublishModule.psm1 = PublishScripts\AzureWebsitePublishModule.psm1
		PublishScripts\Publish-WebApplicationWebsite.ps1 = PublishScripts\Publish-WebApplicationWebsite.ps1
	EndProjectSection
EndProject
Project("{2150E333-8FDC-42A3-9474-1A3956D46DE8}") = "Configurations", "Configurations", "{93AF2960-3812-417E-A5E9-7557C9D1D8F2}"
	ProjectSection(SolutionItems) = preProject
		PublishScripts\Configurations\Hangmantest-WAWS-dev.json = PublishScripts\Configurations\Hangmantest-WAWS-dev.json
	EndProjectSection
EndProject
Global
	GlobalSection(SolutionConfigurationPlatforms) = preSolution
		Debug|Any CPU = Debug|Any CPU
		Release|Any CPU = Release|Any CPU
	EndGlobalSection
	GlobalSection(ProjectConfigurationPlatforms) = postSolution
		{211A2C04-4931-4D47-9D9A-2099AEF2ACA1}.Debug|Any CPU.ActiveCfg = Debug|Any CPU
		{211A2C04-4931-4D47-9D9A-2099AEF2ACA1}.Debug|Any CPU.Build.0 = Debug|Any CPU
		{211A2C04-4931-4D47-9D9A-2099AEF2ACA1}.Release|Any CPU.ActiveCfg = Release|Any CPU
		{211A2C04-4931-4D47-9D9A-2099AEF2ACA1}.Release|Any CPU.Build.0 = Release|Any CPU
	EndGlobalSection
	GlobalSection(SolutionProperties) = preSolution
		HideSolutionNode = FALSE
	EndGlobalSection
	GlobalSection(NestedProjects) = preSolution
		{93AF2960-3812-417E-A5E9-7557C9D1D8F2} = {ED258732-AEEF-4231-ABA1-223988A41D43}
	EndGlobalSection
EndGlobal
